
Microsoft Visual Studio Solution File, Format Version 12.00
# Visual Studio Version 17
VisualStudioVersion = 17.3.32929.385
MinimumVisualStudioVersion = 10.0.40219.1
Project("{8BC9CEB8-8B4A-11D0-8D11-00A0C91BC942}") = "lab5.2", "lab5.2\lab5.2.vcxproj", "{CECA2E28-F995-401E-9D7C-025A0F7DB999}"
EndProject
Project("{8BC9CEB8-8B4A-11D0-8D11-00A0C91BC942}") = "UnitTest5.2", "UnitTest5.2\UnitTest5.2.vcxproj", "{593F5DBC-11E9-4258-82B2-403813ADD567}"
EndProject
Global
	GlobalSection(SolutionConfigurationPlatforms) = preSolution
		Debug|x64 = Debug|x64
		Debug|x86 = Debug|x86
		Release|x64 = Release|x64
		Release|x86 = Release|x86
	EndGlobalSection
	GlobalSection(ProjectConfigurationPlatforms) = postSolution
		{CECA2E28-F995-401E-9D7C-025A0F7DB999}.Debug|x64.ActiveCfg = Debug|x64
		{CECA2E28-F995-401E-9D7C-025A0F7DB999}.Debug|x64.Build.0 = Debug|x64
		{CECA2E28-F995-401E-9D7C-025A0F7DB999}.Debug|x86.ActiveCfg = Debug|Win32
		{CECA2E28-F995-401E-9D7C-025A0F7DB999}.Debug|x86.Build.0 = Debug|Win32
		{CECA2E28-F995-401E-9D7C-025A0F7DB999}.Release|x64.ActiveCfg = Release|x64
		{CECA2E28-F995-401E-9D7C-025A0F7DB999}.Release|x64.Build.0 = Release|x64
		{CECA2E28-F995-401E-9D7C-025A0F7DB999}.Release|x86.ActiveCfg = Release|Win32
		{CECA2E28-F995-401E-9D7C-025A0F7DB999}.Release|x86.Build.0 = Release|Win32
		{593F5DBC-11E9-4258-82B2-403813ADD567}.Debug|x64.ActiveCfg = Debug|x64
		{593F5DBC-11E9-4258-82B2-403813ADD567}.Debug|x64.Build.0 = Debug|x64
		{593F5DBC-11E9-4258-82B2-403813ADD567}.Debug|x86.ActiveCfg = Debug|Win32
		{593F5DBC-11E9-4258-82B2-403813ADD567}.Debug|x86.Build.0 = Debug|Win32
		{593F5DBC-11E9-4258-82B2-403813ADD567}.Release|x64.ActiveCfg = Release|x64
		{593F5DBC-11E9-4258-82B2-403813ADD567}.Release|x64.Build.0 = Release|x64
		{593F5DBC-11E9-4258-82B2-403813ADD567}.Release|x86.ActiveCfg = Release|Win32
		{593F5DBC-11E9-4258-82B2-403813ADD567}.Release|x86.Build.0 = Release|Win32
	EndGlobalSection
	GlobalSection(SolutionProperties) = preSolution
		HideSolutionNode = FALSE
	EndGlobalSection
	GlobalSection(ExtensibilityGlobals) = postSolution
		SolutionGuid = {2CF0DF74-96B5-428F-9DEE-64BDD28FB9A8}
	EndGlobalSection
EndGlobal
